
Microsoft Visual Studio Solution File, Format Version 12.00
# Visual Studio Version 17
VisualStudioVersion = 17.14.36202.13 d17.14
MinimumVisualStudioVersion = 10.0.40219.1
Project("{54A90642-561A-4BB1-A94E-469ADEE60C69}") = "stonkz.client", "stonkz.client\stonkz.client.esproj", "{4092AE63-577D-AAB9-76C1-18EFF84383EC}"
EndProject
Project("{FAE04EC0-301F-11D3-BF4B-00C04F79EFBC}") = "STONKZ.Server", "STONKZ.Server\STONKZ.Server.csproj", "{2BC034B3-88E2-49CE-8E4F-B571A4ED427A}"
EndProject
Global
	GlobalSection(SolutionConfigurationPlatforms) = preSolution
		Debug|Any CPU = Debug|Any CPU
		Release|Any CPU = Release|Any CPU
	EndGlobalSection
	GlobalSection(ProjectConfigurationPlatforms) = postSolution
		{4092AE63-577D-AAB9-76C1-18EFF84383EC}.Debug|Any CPU.ActiveCfg = Debug|Any CPU
		{4092AE63-577D-AAB9-76C1-18EFF84383EC}.Debug|Any CPU.Build.0 = Debug|Any CPU
		{4092AE63-577D-AAB9-76C1-18EFF84383EC}.Debug|Any CPU.Deploy.0 = Debug|Any CPU
		{4092AE63-577D-AAB9-76C1-18EFF84383EC}.Release|Any CPU.ActiveCfg = Release|Any CPU
		{4092AE63-577D-AAB9-76C1-18EFF84383EC}.Release|Any CPU.Build.0 = Release|Any CPU
		{4092AE63-577D-AAB9-76C1-18EFF84383EC}.Release|Any CPU.Deploy.0 = Release|Any CPU
		{2BC034B3-88E2-49CE-8E4F-B571A4ED427A}.Debug|Any CPU.ActiveCfg = Debug|Any CPU
		{2BC034B3-88E2-49CE-8E4F-B571A4ED427A}.Debug|Any CPU.Build.0 = Debug|Any CPU
		{2BC034B3-88E2-49CE-8E4F-B571A4ED427A}.Release|Any CPU.ActiveCfg = Release|Any CPU
		{2BC034B3-88E2-49CE-8E4F-B571A4ED427A}.Release|Any CPU.Build.0 = Release|Any CPU
	EndGlobalSection
	GlobalSection(SolutionProperties) = preSolution
		HideSolutionNode = FALSE
	EndGlobalSection
	GlobalSection(ExtensibilityGlobals) = postSolution
		SolutionGuid = {4C3D3A29-7960-4F52-A7D9-2C1D4ED7C78A}
	EndGlobalSection
EndGlobal
